
Microsoft Visual Studio Solution File, Format Version 12.00
# Visual Studio Version 17
VisualStudioVersion = 17.9.34616.47
MinimumVisualStudioVersion = 10.0.40219.1
Project("{FAE04EC0-301F-11D3-BF4B-00C04F79EFBC}") = "TavelAgency114", "TavelAgency114\TavelAgency114.csproj", "{9AD5DF57-74BA-4FB5-8AB4-E375A4FF98B7}"
EndProject
Global
	GlobalSection(SolutionConfigurationPlatforms) = preSolution
		Debug|Any CPU = Debug|Any CPU
		Release|Any CPU = Release|Any CPU
	EndGlobalSection
	GlobalSection(ProjectConfigurationPlatforms) = postSolution
		{9AD5DF57-74BA-4FB5-8AB4-E375A4FF98B7}.Debug|Any CPU.ActiveCfg = Debug|Any CPU
		{9AD5DF57-74BA-4FB5-8AB4-E375A4FF98B7}.Debug|Any CPU.Build.0 = Debug|Any CPU
		{9AD5DF57-74BA-4FB5-8AB4-E375A4FF98B7}.Release|Any CPU.ActiveCfg = Release|Any CPU
		{9AD5DF57-74BA-4FB5-8AB4-E375A4FF98B7}.Release|Any CPU.Build.0 = Release|Any CPU
	EndGlobalSection
	GlobalSection(SolutionProperties) = preSolution
		HideSolutionNode = FALSE
	EndGlobalSection
	GlobalSection(ExtensibilityGlobals) = postSolution
		SolutionGuid = {7BB1DD1F-57E1-4726-9148-617AC3FB2826}
	EndGlobalSection
EndGlobal
